
Microsoft Visual Studio Solution File, Format Version 12.00
# Visual Studio 15
VisualStudioVersion = 15.0.27703.2035
MinimumVisualStudioVersion = 10.0.40219.1
Project("{9A19103F-16F7-4668-BE54-9A1E7A4F7556}") = "GradeProject.GameCatalogService", "GradeProject.GameCatalogService\GradeProject.GameCatalogService.csproj", "{F04A28D9-4EAD-49C5-AB74-922E9210FEC4}"
EndProject
Project("{9A19103F-16F7-4668-BE54-9A1E7A4F7556}") = "GradeProject.ProfileService", "GradeProject.ProfileService\GradeProject.ProfileService.csproj", "{FB436A7B-BC21-4C81-8313-0804414B7C59}"
EndProject
Project("{2150E333-8FDC-42A3-9474-1A3956D46DE8}") = "Auth Service", "Auth Service", "{D98D35DD-D272-4FA9-87CC-0CA5E6359C24}"
EndProject
Project("{2150E333-8FDC-42A3-9474-1A3956D46DE8}") = "Web", "Web", "{C2373DEB-7BA1-4BF7-AAC0-886D955A3EA7}"
EndProject
Project("{2150E333-8FDC-42A3-9474-1A3956D46DE8}") = "GameCatalog Service", "GameCatalog Service", "{5A147F73-0027-47E1-980B-89302641247A}"
EndProject
Project("{2150E333-8FDC-42A3-9474-1A3956D46DE8}") = "Profile Service", "Profile Service", "{70E6B0F8-1CAC-4358-A04C-6B245B81119B}"
EndProject
Project("{E24C65DC-7377-472B-9ABA-BC803B73C61A}") = "GradeProject-Angular", "GradeProject-Angular\", "{F0FD8B15-BC7C-4A91-BF7B-CE42EA61869E}"
	ProjectSection(WebsiteProperties) = preProject
		TargetFrameworkMoniker = ".NETFramework,Version%3Dv4.0"
		Debug.AspNetCompiler.VirtualPath = "/localhost_53086"
		Debug.AspNetCompiler.PhysicalPath = "GradeProject-Angular\"
		Debug.AspNetCompiler.TargetPath = "PrecompiledWeb\localhost_53086\"
		Debug.AspNetCompiler.Updateable = "true"
		Debug.AspNetCompiler.ForceOverwrite = "true"
		Debug.AspNetCompiler.FixedNames = "false"
		Debug.AspNetCompiler.Debug = "True"
		Release.AspNetCompiler.VirtualPath = "/localhost_53086"
		Release.AspNetCompiler.PhysicalPath = "GradeProject-Angular\"
		Release.AspNetCompiler.TargetPath = "PrecompiledWeb\localhost_53086\"
		Release.AspNetCompiler.Updateable = "true"
		Release.AspNetCompiler.ForceOverwrite = "true"
		Release.AspNetCompiler.FixedNames = "false"
		Release.AspNetCompiler.Debug = "False"
		VWDPort = "53086"
		SlnRelativePath = "GradeProject-Angular\"
		StartServerOnDebug = "false"
	EndProjectSection
EndProject
Project("{9A19103F-16F7-4668-BE54-9A1E7A4F7556}") = "GradeProject.AuthService", "GradeProject.AuthService\GradeProject.AuthService.csproj", "{7CDCD4E3-DBA3-487B-8D69-AA8895AE2A50}"
EndProject
Project("{9A19103F-16F7-4668-BE54-9A1E7A4F7556}") = "GradeProject.ScoreService", "GradeProject.ScoreService\GradeProject.ScoreService.csproj", "{F01EBE1D-F1FE-43DE-80FE-D8A48E5E4AEF}"
EndProject
Project("{2150E333-8FDC-42A3-9474-1A3956D46DE8}") = "Score Service", "Score Service", "{EF1A5FA5-A390-45CA-B525-559E81072CE9}"
EndProject
Project("{2150E333-8FDC-42A3-9474-1A3956D46DE8}") = "Common", "Common", "{4D003403-E944-4C24-9E4E-DD5339C14275}"
EndProject
Project("{9A19103F-16F7-4668-BE54-9A1E7A4F7556}") = "GradeProject.CommandBusInterfaces", "GradeProject.CommandBusInterfaces\GradeProject.CommandBusInterfaces.csproj", "{B34BC589-F8E0-450E-9F7B-189CDB99CFCC}"
EndProject
Global
	GlobalSection(SolutionConfigurationPlatforms) = preSolution
		Debug|Any CPU = Debug|Any CPU
		Release|Any CPU = Release|Any CPU
	EndGlobalSection
	GlobalSection(ProjectConfigurationPlatforms) = postSolution
		{F04A28D9-4EAD-49C5-AB74-922E9210FEC4}.Debug|Any CPU.ActiveCfg = Debug|Any CPU
		{F04A28D9-4EAD-49C5-AB74-922E9210FEC4}.Debug|Any CPU.Build.0 = Debug|Any CPU
		{F04A28D9-4EAD-49C5-AB74-922E9210FEC4}.Release|Any CPU.ActiveCfg = Release|Any CPU
		{F04A28D9-4EAD-49C5-AB74-922E9210FEC4}.Release|Any CPU.Build.0 = Release|Any CPU
		{FB436A7B-BC21-4C81-8313-0804414B7C59}.Debug|Any CPU.ActiveCfg = Debug|Any CPU
		{FB436A7B-BC21-4C81-8313-0804414B7C59}.Debug|Any CPU.Build.0 = Debug|Any CPU
		{FB436A7B-BC21-4C81-8313-0804414B7C59}.Release|Any CPU.ActiveCfg = Release|Any CPU
		{FB436A7B-BC21-4C81-8313-0804414B7C59}.Release|Any CPU.Build.0 = Release|Any CPU
		{F0FD8B15-BC7C-4A91-BF7B-CE42EA61869E}.Debug|Any CPU.ActiveCfg = Debug|Any CPU
		{F0FD8B15-BC7C-4A91-BF7B-CE42EA61869E}.Debug|Any CPU.Build.0 = Debug|Any CPU
		{F0FD8B15-BC7C-4A91-BF7B-CE42EA61869E}.Release|Any CPU.ActiveCfg = Debug|Any CPU
		{F0FD8B15-BC7C-4A91-BF7B-CE42EA61869E}.Release|Any CPU.Build.0 = Debug|Any CPU
		{7CDCD4E3-DBA3-487B-8D69-AA8895AE2A50}.Debug|Any CPU.ActiveCfg = Debug|Any CPU
		{7CDCD4E3-DBA3-487B-8D69-AA8895AE2A50}.Debug|Any CPU.Build.0 = Debug|Any CPU
		{7CDCD4E3-DBA3-487B-8D69-AA8895AE2A50}.Release|Any CPU.ActiveCfg = Release|Any CPU
		{7CDCD4E3-DBA3-487B-8D69-AA8895AE2A50}.Release|Any CPU.Build.0 = Release|Any CPU
		{F01EBE1D-F1FE-43DE-80FE-D8A48E5E4AEF}.Debug|Any CPU.ActiveCfg = Debug|Any CPU
		{F01EBE1D-F1FE-43DE-80FE-D8A48E5E4AEF}.Debug|Any CPU.Build.0 = Debug|Any CPU
		{F01EBE1D-F1FE-43DE-80FE-D8A48E5E4AEF}.Release|Any CPU.ActiveCfg = Release|Any CPU
		{F01EBE1D-F1FE-43DE-80FE-D8A48E5E4AEF}.Release|Any CPU.Build.0 = Release|Any CPU
		{B34BC589-F8E0-450E-9F7B-189CDB99CFCC}.Debug|Any CPU.ActiveCfg = Debug|Any CPU
		{B34BC589-F8E0-450E-9F7B-189CDB99CFCC}.Debug|Any CPU.Build.0 = Debug|Any CPU
		{B34BC589-F8E0-450E-9F7B-189CDB99CFCC}.Release|Any CPU.ActiveCfg = Release|Any CPU
		{B34BC589-F8E0-450E-9F7B-189CDB99CFCC}.Release|Any CPU.Build.0 = Release|Any CPU
	EndGlobalSection
	GlobalSection(SolutionProperties) = preSolution
		HideSolutionNode = FALSE
	EndGlobalSection
	GlobalSection(NestedProjects) = preSolution
		{F04A28D9-4EAD-49C5-AB74-922E9210FEC4} = {5A147F73-0027-47E1-980B-89302641247A}
		{FB436A7B-BC21-4C81-8313-0804414B7C59} = {70E6B0F8-1CAC-4358-A04C-6B245B81119B}
		{F0FD8B15-BC7C-4A91-BF7B-CE42EA61869E} = {C2373DEB-7BA1-4BF7-AAC0-886D955A3EA7}
		{7CDCD4E3-DBA3-487B-8D69-AA8895AE2A50} = {D98D35DD-D272-4FA9-87CC-0CA5E6359C24}
		{F01EBE1D-F1FE-43DE-80FE-D8A48E5E4AEF} = {EF1A5FA5-A390-45CA-B525-559E81072CE9}
		{B34BC589-F8E0-450E-9F7B-189CDB99CFCC} = {4D003403-E944-4C24-9E4E-DD5339C14275}
	EndGlobalSection
	GlobalSection(ExtensibilityGlobals) = postSolution
		SolutionGuid = {8CA0C458-0100-4B66-8FE3-116342A3A6F8}
	EndGlobalSection
EndGlobal
