
Microsoft Visual Studio Solution File, Format Version 12.00
# Visual Studio 15
VisualStudioVersion = 15.0.27703.2035
MinimumVisualStudioVersion = 10.0.40219.1
Project("{9A19103F-16F7-4668-BE54-9A1E7A4F7556}") = "GradeProject.AuthService", "GradeProject.AuthService\GradeProject.AuthService.csproj", "{D6A919A8-4599-4A9D-A126-98294B20D88C}"
EndProject
Project("{9A19103F-16F7-4668-BE54-9A1E7A4F7556}") = "GradeProject.GameCatalogService", "GradeProject.GameCatalogService\GradeProject.GameCatalogService.csproj", "{F04A28D9-4EAD-49C5-AB74-922E9210FEC4}"
EndProject
Project("{9A19103F-16F7-4668-BE54-9A1E7A4F7556}") = "GradeProject.GameRegService", "GradeProject.GameRegService\GradeProject.GameRegService.csproj", "{6ED5D0CE-B4F7-43CC-A019-ADA70BA0D0D0}"
EndProject
Project("{9A19103F-16F7-4668-BE54-9A1E7A4F7556}") = "GradeProject.ProfileService", "GradeProject.ProfileService\GradeProject.ProfileService.csproj", "{FB436A7B-BC21-4C81-8313-0804414B7C59}"
EndProject
Project("{9A19103F-16F7-4668-BE54-9A1E7A4F7556}") = "GradeProject.Blazor", "GradeProject.Blazor\GradeProject.Blazor.csproj", "{9EC8444A-D12D-4512-A82D-C95D1189F776}"
EndProject
Project("{2150E333-8FDC-42A3-9474-1A3956D46DE8}") = "Auth Service", "Auth Service", "{D98D35DD-D272-4FA9-87CC-0CA5E6359C24}"
EndProject
Project("{2150E333-8FDC-42A3-9474-1A3956D46DE8}") = "Web", "Web", "{C2373DEB-7BA1-4BF7-AAC0-886D955A3EA7}"
EndProject
Project("{2150E333-8FDC-42A3-9474-1A3956D46DE8}") = "GameCatalog Service", "GameCatalog Service", "{5A147F73-0027-47E1-980B-89302641247A}"
EndProject
Project("{2150E333-8FDC-42A3-9474-1A3956D46DE8}") = "Game Reg Service", "Game Reg Service", "{F73C6966-2A80-48E3-AA37-108845064131}"
EndProject
Project("{2150E333-8FDC-42A3-9474-1A3956D46DE8}") = "Profile Service", "Profile Service", "{70E6B0F8-1CAC-4358-A04C-6B245B81119B}"
EndProject
Project("{2150E333-8FDC-42A3-9474-1A3956D46DE8}") = "Score Service", "Score Service", "{1FC0BE11-4B00-4BB0-BFE0-6B2909B5753C}"
EndProject
Project("{9A19103F-16F7-4668-BE54-9A1E7A4F7556}") = "GradeProject.ScoreService.Domain", "GradeProject.ScoreService.Domain\GradeProject.ScoreService.Domain.csproj", "{678FA1A7-7B84-47A0-B38F-48AF4A2C93C4}"
EndProject
Project("{9A19103F-16F7-4668-BE54-9A1E7A4F7556}") = "GradeProject.ScoreServie.Infrastructure.SqlServer", "GradeProject.ScoreServie.Infrastructure.SqlServer\GradeProject.ScoreServie.Infrastructure.SqlServer.csproj", "{8A40A052-3470-4765-8BBE-5917FFD56E10}"
EndProject
Project("{9A19103F-16F7-4668-BE54-9A1E7A4F7556}") = "GradeProject.ScoreService", "GradeProject.ScoreService\GradeProject.ScoreService.csproj", "{C6FFE91F-3987-4466-BD33-827D15ADB6CB}"
EndProject
Project("{9A19103F-16F7-4668-BE54-9A1E7A4F7556}") = "GradeProject.ScoreService.SqlServer.Migrations", "GradeProject.ScoreService.SqlServer.Migrations\GradeProject.ScoreService.SqlServer.Migrations.csproj", "{BB33E2BF-67FD-465F-B4C5-9757386BF4DE}"
EndProject
Project("{9A19103F-16F7-4668-BE54-9A1E7A4F7556}") = "GradeProject.ScoreService.Infrastrucutre.PostgreSQL", "GradeProject.ScoreService.Infrastrucutre.PostgreSQL\GradeProject.ScoreService.Infrastrucutre.PostgreSQL.csproj", "{C5D30F30-F1B9-46CF-8F76-A253444F2B8B}"
EndProject
Project("{FAE04EC0-301F-11D3-BF4B-00C04F79EFBC}") = "GradeProject.ScoreService.PostgreSQL.Migrations", "GradeProject.ScoreService.PostgreSQL.Migrations\GradeProject.ScoreService.PostgreSQL.Migrations.csproj", "{A77AC78E-A57D-4504-87C6-93280519B359}"
EndProject
Project("{FAE04EC0-301F-11D3-BF4B-00C04F79EFBC}") = "GradeProject.ScoresService.Repo.Interfaces", "GradeProject.ScoresService.Repo.Interfaces\GradeProject.ScoresService.Repo.Interfaces.csproj", "{A579EA0F-04BB-498A-AE7A-47A30847093E}"
EndProject
Global
	GlobalSection(SolutionConfigurationPlatforms) = preSolution
		Debug|Any CPU = Debug|Any CPU
		Release|Any CPU = Release|Any CPU
	EndGlobalSection
	GlobalSection(ProjectConfigurationPlatforms) = postSolution
		{D6A919A8-4599-4A9D-A126-98294B20D88C}.Debug|Any CPU.ActiveCfg = Debug|Any CPU
		{D6A919A8-4599-4A9D-A126-98294B20D88C}.Debug|Any CPU.Build.0 = Debug|Any CPU
		{D6A919A8-4599-4A9D-A126-98294B20D88C}.Release|Any CPU.ActiveCfg = Release|Any CPU
		{D6A919A8-4599-4A9D-A126-98294B20D88C}.Release|Any CPU.Build.0 = Release|Any CPU
		{F04A28D9-4EAD-49C5-AB74-922E9210FEC4}.Debug|Any CPU.ActiveCfg = Debug|Any CPU
		{F04A28D9-4EAD-49C5-AB74-922E9210FEC4}.Debug|Any CPU.Build.0 = Debug|Any CPU
		{F04A28D9-4EAD-49C5-AB74-922E9210FEC4}.Release|Any CPU.ActiveCfg = Release|Any CPU
		{F04A28D9-4EAD-49C5-AB74-922E9210FEC4}.Release|Any CPU.Build.0 = Release|Any CPU
		{6ED5D0CE-B4F7-43CC-A019-ADA70BA0D0D0}.Debug|Any CPU.ActiveCfg = Debug|Any CPU
		{6ED5D0CE-B4F7-43CC-A019-ADA70BA0D0D0}.Debug|Any CPU.Build.0 = Debug|Any CPU
		{6ED5D0CE-B4F7-43CC-A019-ADA70BA0D0D0}.Release|Any CPU.ActiveCfg = Release|Any CPU
		{6ED5D0CE-B4F7-43CC-A019-ADA70BA0D0D0}.Release|Any CPU.Build.0 = Release|Any CPU
		{FB436A7B-BC21-4C81-8313-0804414B7C59}.Debug|Any CPU.ActiveCfg = Debug|Any CPU
		{FB436A7B-BC21-4C81-8313-0804414B7C59}.Debug|Any CPU.Build.0 = Debug|Any CPU
		{FB436A7B-BC21-4C81-8313-0804414B7C59}.Release|Any CPU.ActiveCfg = Release|Any CPU
		{FB436A7B-BC21-4C81-8313-0804414B7C59}.Release|Any CPU.Build.0 = Release|Any CPU
		{9EC8444A-D12D-4512-A82D-C95D1189F776}.Debug|Any CPU.ActiveCfg = Debug|Any CPU
		{9EC8444A-D12D-4512-A82D-C95D1189F776}.Debug|Any CPU.Build.0 = Debug|Any CPU
		{9EC8444A-D12D-4512-A82D-C95D1189F776}.Release|Any CPU.ActiveCfg = Release|Any CPU
		{9EC8444A-D12D-4512-A82D-C95D1189F776}.Release|Any CPU.Build.0 = Release|Any CPU
		{678FA1A7-7B84-47A0-B38F-48AF4A2C93C4}.Debug|Any CPU.ActiveCfg = Debug|Any CPU
		{678FA1A7-7B84-47A0-B38F-48AF4A2C93C4}.Debug|Any CPU.Build.0 = Debug|Any CPU
		{678FA1A7-7B84-47A0-B38F-48AF4A2C93C4}.Release|Any CPU.ActiveCfg = Release|Any CPU
		{678FA1A7-7B84-47A0-B38F-48AF4A2C93C4}.Release|Any CPU.Build.0 = Release|Any CPU
		{8A40A052-3470-4765-8BBE-5917FFD56E10}.Debug|Any CPU.ActiveCfg = Debug|Any CPU
		{8A40A052-3470-4765-8BBE-5917FFD56E10}.Debug|Any CPU.Build.0 = Debug|Any CPU
		{8A40A052-3470-4765-8BBE-5917FFD56E10}.Release|Any CPU.ActiveCfg = Release|Any CPU
		{8A40A052-3470-4765-8BBE-5917FFD56E10}.Release|Any CPU.Build.0 = Release|Any CPU
		{C6FFE91F-3987-4466-BD33-827D15ADB6CB}.Debug|Any CPU.ActiveCfg = Debug|Any CPU
		{C6FFE91F-3987-4466-BD33-827D15ADB6CB}.Debug|Any CPU.Build.0 = Debug|Any CPU
		{C6FFE91F-3987-4466-BD33-827D15ADB6CB}.Release|Any CPU.ActiveCfg = Release|Any CPU
		{C6FFE91F-3987-4466-BD33-827D15ADB6CB}.Release|Any CPU.Build.0 = Release|Any CPU
		{BB33E2BF-67FD-465F-B4C5-9757386BF4DE}.Debug|Any CPU.ActiveCfg = Debug|Any CPU
		{BB33E2BF-67FD-465F-B4C5-9757386BF4DE}.Debug|Any CPU.Build.0 = Debug|Any CPU
		{BB33E2BF-67FD-465F-B4C5-9757386BF4DE}.Release|Any CPU.ActiveCfg = Release|Any CPU
		{BB33E2BF-67FD-465F-B4C5-9757386BF4DE}.Release|Any CPU.Build.0 = Release|Any CPU
		{C5D30F30-F1B9-46CF-8F76-A253444F2B8B}.Debug|Any CPU.ActiveCfg = Debug|Any CPU
		{C5D30F30-F1B9-46CF-8F76-A253444F2B8B}.Debug|Any CPU.Build.0 = Debug|Any CPU
		{C5D30F30-F1B9-46CF-8F76-A253444F2B8B}.Release|Any CPU.ActiveCfg = Release|Any CPU
		{C5D30F30-F1B9-46CF-8F76-A253444F2B8B}.Release|Any CPU.Build.0 = Release|Any CPU
		{A77AC78E-A57D-4504-87C6-93280519B359}.Debug|Any CPU.ActiveCfg = Debug|Any CPU
		{A77AC78E-A57D-4504-87C6-93280519B359}.Debug|Any CPU.Build.0 = Debug|Any CPU
		{A77AC78E-A57D-4504-87C6-93280519B359}.Release|Any CPU.ActiveCfg = Release|Any CPU
		{A77AC78E-A57D-4504-87C6-93280519B359}.Release|Any CPU.Build.0 = Release|Any CPU
		{A579EA0F-04BB-498A-AE7A-47A30847093E}.Debug|Any CPU.ActiveCfg = Debug|Any CPU
		{A579EA0F-04BB-498A-AE7A-47A30847093E}.Debug|Any CPU.Build.0 = Debug|Any CPU
		{A579EA0F-04BB-498A-AE7A-47A30847093E}.Release|Any CPU.ActiveCfg = Release|Any CPU
		{A579EA0F-04BB-498A-AE7A-47A30847093E}.Release|Any CPU.Build.0 = Release|Any CPU
	EndGlobalSection
	GlobalSection(SolutionProperties) = preSolution
		HideSolutionNode = FALSE
	EndGlobalSection
	GlobalSection(NestedProjects) = preSolution
		{D6A919A8-4599-4A9D-A126-98294B20D88C} = {D98D35DD-D272-4FA9-87CC-0CA5E6359C24}
		{F04A28D9-4EAD-49C5-AB74-922E9210FEC4} = {5A147F73-0027-47E1-980B-89302641247A}
		{6ED5D0CE-B4F7-43CC-A019-ADA70BA0D0D0} = {F73C6966-2A80-48E3-AA37-108845064131}
		{FB436A7B-BC21-4C81-8313-0804414B7C59} = {70E6B0F8-1CAC-4358-A04C-6B245B81119B}
		{9EC8444A-D12D-4512-A82D-C95D1189F776} = {C2373DEB-7BA1-4BF7-AAC0-886D955A3EA7}
		{678FA1A7-7B84-47A0-B38F-48AF4A2C93C4} = {1FC0BE11-4B00-4BB0-BFE0-6B2909B5753C}
		{8A40A052-3470-4765-8BBE-5917FFD56E10} = {1FC0BE11-4B00-4BB0-BFE0-6B2909B5753C}
		{C6FFE91F-3987-4466-BD33-827D15ADB6CB} = {1FC0BE11-4B00-4BB0-BFE0-6B2909B5753C}
		{BB33E2BF-67FD-465F-B4C5-9757386BF4DE} = {1FC0BE11-4B00-4BB0-BFE0-6B2909B5753C}
		{C5D30F30-F1B9-46CF-8F76-A253444F2B8B} = {1FC0BE11-4B00-4BB0-BFE0-6B2909B5753C}
		{A77AC78E-A57D-4504-87C6-93280519B359} = {1FC0BE11-4B00-4BB0-BFE0-6B2909B5753C}
		{A579EA0F-04BB-498A-AE7A-47A30847093E} = {1FC0BE11-4B00-4BB0-BFE0-6B2909B5753C}
	EndGlobalSection
	GlobalSection(ExtensibilityGlobals) = postSolution
		SolutionGuid = {8CA0C458-0100-4B66-8FE3-116342A3A6F8}
	EndGlobalSection
EndGlobal
